<?xml version="1.0" encoding="utf-8"?>
<Project ToolsVersion="4.0" xmlns="http://schemas.microsoft.com/developer/msbuild/2003">
  <ItemGroup>
    <Filter Include="Source Files">
      <UniqueIdentifier>{4FC737F1-C7A5-4376-A066-2A32D752A2FF}</UniqueIdentifier>
      <Extensions>cpp;c;cc;cxx;c++;cppm;ixx;def;odl;idl;hpj;bat;asm;asmx</Extensions>
    </Filter>
    <Filter Include="Header Files">
      <UniqueIdentifier>{93995380-89BD-4b04-88EB-625FBE52EBFB}</UniqueIdentifier>
      <Extensions>h;hh;hpp;hxx;h++;hm;inl;inc;ipp;xsd</Extensions>
    </Filter>
    <Filter Include="Resource Files">
      <UniqueIdentifier>{67DA6AB6-F800-4c08-8B7A-83BB121AAD01}</UniqueIdentifier>
      <Extensions>rc;ico;cur;bmp;dlg;rc2;rct;bin;rgs;gif;jpg;jpeg;jpe;resx;tiff;tif;png;wav;mfcribbon-ms</Extensions>
    </Filter>
  </ItemGroup>
  <ItemGroup>
    <ClCompile Include="firma.cpp">
      <Filter>Source Files</Filter>
    </ClCompile>
    <ClCompile Include="Zaposleni.cpp">
      <Filter>Source Files</Filter>
    </ClCompile>
    <ClCompile Include="Radnik.cpp">
      <Filter>Source Files</Filter>
    </ClCompile>
    <ClCompile Include="Menadzer.cpp">
      <Filter>Source Files</Filter>
    </ClCompile>
    <ClCompile Include="Projekat.cpp">
      <Filter>Source Files</Filter>
    </ClCompile>
    <ClCompile Include="libs\sqlitecpp\src\Backup.cpp">
      <Filter>Source Files</Filter>
    </ClCompile>
    <ClCompile Include="libs\sqlitecpp\src\Column.cpp">
      <Filter>Source Files</Filter>
    </ClCompile>
    <ClCompile Include="libs\sqlitecpp\src\Database.cpp">
      <Filter>Source Files</Filter>
    </ClCompile>
    <ClCompile Include="libs\sqlitecpp\src\Exception.cpp">
      <Filter>Source Files</Filter>
    </ClCompile>
    <ClCompile Include="libs\sqlitecpp\src\Savepoint.cpp">
      <Filter>Source Files</Filter>
    </ClCompile>
    <ClCompile Include="libs\sqlitecpp\src\Statement.cpp">
      <Filter>Source Files</Filter>
    </ClCompile>
    <ClCompile Include="libs\sqlitecpp\src\Transaction.cpp">
      <Filter>Source Files</Filter>
    </ClCompile>
    <ClCompile Include="libs\sqlite3\sqlite3.c">
      <Filter>Source Files</Filter>
    </ClCompile>
    <ClCompile Include="SQLiteBaza.cpp">
      <Filter>Source Files</Filter>
    </ClCompile>
  </ItemGroup>
  <ItemGroup>
    <ClInclude Include="Zaposleni.h">
      <Filter>Header Files</Filter>
    </ClInclude>
    <ClInclude Include="Radnik.h">
      <Filter>Header Files</Filter>
    </ClInclude>
    <ClInclude Include="Menadzer.h">
      <Filter>Header Files</Filter>
    </ClInclude>
    <ClInclude Include="Projekat.h">
      <Filter>Header Files</Filter>
    </ClInclude>
    <ClInclude Include="SQLiteBaza.h">
      <Filter>Header Files</Filter>
    </ClInclude>
  </ItemGroup>
</Project>